
Microsoft Visual Studio Solution File, Format Version 12.00
Project("{FAE04EC0-301F-11D3-BF4B-00C04F79EFBC}") = "Pizza.Store.Core", "src\Pizza.Store.Core\Pizza.Store.Core.csproj", "{C9F99D3E-F416-4F21-A5FE-7DE3B270DCAB}"
EndProject
Project("{FAE04EC0-301F-11D3-BF4B-00C04F79EFBC}") = "Pizza.Store.API", "src\Pizza.Store.API\Pizza.Store.API.csproj", "{851BEAB9-DF7E-4CD8-8E93-765839BCB8C1}"
EndProject
Project("{FAE04EC0-301F-11D3-BF4B-00C04F79EFBC}") = "Pizza.Store.IntegrationTests", "test\Pizza.Store.IntegrationTests\Pizza.Store.IntegrationTests.csproj", "{5AD64D03-C918-4FEE-A14E-7F3BFF4526E2}"
EndProject
Project("{FAE04EC0-301F-11D3-BF4B-00C04F79EFBC}") = "Pizza.Store.FunctionalTests", "test\Pizza.Store.FunctionalTests\Pizza.Store.FunctionalTests.csproj", "{A5C870CD-86B0-4508-B07F-B963F40358A3}"
EndProject
Project("{FAE04EC0-301F-11D3-BF4B-00C04F79EFBC}") = "Pizza.Store.UnitTests", "test\Pizza.Store.UnitTests\Pizza.Store.UnitTests.csproj", "{6BFD0D1C-8B3B-4C10-8E29-DE7157ED0B42}"
EndProject
Project("{FAE04EC0-301F-11D3-BF4B-00C04F79EFBC}") = "Pizza.Store.Migrations", "src\Pizza.Store.Migrations\Pizza.Store.Migrations.csproj", "{62DACEE0-AB17-49B3-BE17-3577E7AE4175}"
EndProject
Project("{FAE04EC0-301F-11D3-BF4B-00C04F79EFBC}") = "Pizza.Store.Infrastructure", "src\Pizza.Store.Infrastructure\Pizza.Store.Infrastructure.csproj", "{D5C5F62A-51C8-4E6C-832C-C3CA6D0DF0C1}"
EndProject
Global
	GlobalSection(SolutionConfigurationPlatforms) = preSolution
		Debug|Any CPU = Debug|Any CPU
		Release|Any CPU = Release|Any CPU
	EndGlobalSection
	GlobalSection(ProjectConfigurationPlatforms) = postSolution
		{C9F99D3E-F416-4F21-A5FE-7DE3B270DCAB}.Debug|Any CPU.ActiveCfg = Debug|Any CPU
		{C9F99D3E-F416-4F21-A5FE-7DE3B270DCAB}.Debug|Any CPU.Build.0 = Debug|Any CPU
		{C9F99D3E-F416-4F21-A5FE-7DE3B270DCAB}.Release|Any CPU.ActiveCfg = Release|Any CPU
		{C9F99D3E-F416-4F21-A5FE-7DE3B270DCAB}.Release|Any CPU.Build.0 = Release|Any CPU
		{851BEAB9-DF7E-4CD8-8E93-765839BCB8C1}.Debug|Any CPU.ActiveCfg = Debug|Any CPU
		{851BEAB9-DF7E-4CD8-8E93-765839BCB8C1}.Debug|Any CPU.Build.0 = Debug|Any CPU
		{851BEAB9-DF7E-4CD8-8E93-765839BCB8C1}.Release|Any CPU.ActiveCfg = Release|Any CPU
		{851BEAB9-DF7E-4CD8-8E93-765839BCB8C1}.Release|Any CPU.Build.0 = Release|Any CPU
		{5AD64D03-C918-4FEE-A14E-7F3BFF4526E2}.Debug|Any CPU.ActiveCfg = Debug|Any CPU
		{5AD64D03-C918-4FEE-A14E-7F3BFF4526E2}.Debug|Any CPU.Build.0 = Debug|Any CPU
		{5AD64D03-C918-4FEE-A14E-7F3BFF4526E2}.Release|Any CPU.ActiveCfg = Release|Any CPU
		{5AD64D03-C918-4FEE-A14E-7F3BFF4526E2}.Release|Any CPU.Build.0 = Release|Any CPU
		{A5C870CD-86B0-4508-B07F-B963F40358A3}.Debug|Any CPU.ActiveCfg = Debug|Any CPU
		{A5C870CD-86B0-4508-B07F-B963F40358A3}.Debug|Any CPU.Build.0 = Debug|Any CPU
		{A5C870CD-86B0-4508-B07F-B963F40358A3}.Release|Any CPU.ActiveCfg = Release|Any CPU
		{A5C870CD-86B0-4508-B07F-B963F40358A3}.Release|Any CPU.Build.0 = Release|Any CPU
		{6BFD0D1C-8B3B-4C10-8E29-DE7157ED0B42}.Debug|Any CPU.ActiveCfg = Debug|Any CPU
		{6BFD0D1C-8B3B-4C10-8E29-DE7157ED0B42}.Debug|Any CPU.Build.0 = Debug|Any CPU
		{6BFD0D1C-8B3B-4C10-8E29-DE7157ED0B42}.Release|Any CPU.ActiveCfg = Release|Any CPU
		{6BFD0D1C-8B3B-4C10-8E29-DE7157ED0B42}.Release|Any CPU.Build.0 = Release|Any CPU
		{62DACEE0-AB17-49B3-BE17-3577E7AE4175}.Debug|Any CPU.ActiveCfg = Debug|Any CPU
		{62DACEE0-AB17-49B3-BE17-3577E7AE4175}.Debug|Any CPU.Build.0 = Debug|Any CPU
		{62DACEE0-AB17-49B3-BE17-3577E7AE4175}.Release|Any CPU.ActiveCfg = Release|Any CPU
		{62DACEE0-AB17-49B3-BE17-3577E7AE4175}.Release|Any CPU.Build.0 = Release|Any CPU
		{D5C5F62A-51C8-4E6C-832C-C3CA6D0DF0C1}.Debug|Any CPU.ActiveCfg = Debug|Any CPU
		{D5C5F62A-51C8-4E6C-832C-C3CA6D0DF0C1}.Debug|Any CPU.Build.0 = Debug|Any CPU
		{D5C5F62A-51C8-4E6C-832C-C3CA6D0DF0C1}.Release|Any CPU.ActiveCfg = Release|Any CPU
		{D5C5F62A-51C8-4E6C-832C-C3CA6D0DF0C1}.Release|Any CPU.Build.0 = Release|Any CPU
	EndGlobalSection
EndGlobal
