
Microsoft Visual Studio Solution File, Format Version 12.00
Project("{FAE04EC0-301F-11D3-BF4B-00C04F79EFBC}") = "Tests", "Tests\Tests.csproj", "{7C26F183-2EDC-421F-BF0B-9C327D23E74A}"
EndProject
Project("{FAE04EC0-301F-11D3-BF4B-00C04F79EFBC}") = "API", "API\API.csproj", "{9416DE8E-0561-4E19-94F7-52EF66B2A685}"
EndProject
Global
	GlobalSection(SolutionConfigurationPlatforms) = preSolution
		Debug|Any CPU = Debug|Any CPU
		Release|Any CPU = Release|Any CPU
	EndGlobalSection
	GlobalSection(ProjectConfigurationPlatforms) = postSolution
		{7C26F183-2EDC-421F-BF0B-9C327D23E74A}.Debug|Any CPU.ActiveCfg = Debug|Any CPU
		{7C26F183-2EDC-421F-BF0B-9C327D23E74A}.Debug|Any CPU.Build.0 = Debug|Any CPU
		{7C26F183-2EDC-421F-BF0B-9C327D23E74A}.Release|Any CPU.ActiveCfg = Release|Any CPU
		{7C26F183-2EDC-421F-BF0B-9C327D23E74A}.Release|Any CPU.Build.0 = Release|Any CPU
		{9416DE8E-0561-4E19-94F7-52EF66B2A685}.Debug|Any CPU.ActiveCfg = Debug|Any CPU
		{9416DE8E-0561-4E19-94F7-52EF66B2A685}.Debug|Any CPU.Build.0 = Debug|Any CPU
		{9416DE8E-0561-4E19-94F7-52EF66B2A685}.Release|Any CPU.ActiveCfg = Release|Any CPU
		{9416DE8E-0561-4E19-94F7-52EF66B2A685}.Release|Any CPU.Build.0 = Release|Any CPU
	EndGlobalSection
EndGlobal
